// !$*UTF8*$!
{
	archiveVersion = 1;
	classes = {
	};
	objectVersion = 56;
	objects = {

/* Begin PBXBuildFile section */
		B77FD6AF2B9E0D400088A083 /* PomodoroAppApp.swift in Sources */ = {isa = PBXBuildFile; fileRef = B77FD6AE2B9E0D400088A083 /* PomodoroAppApp.swift */; };
		B77FD6B32B9E0D420088A083 /* Assets.xcassets in Resources */ = {isa = PBXBuildFile; fileRef = B77FD6B22B9E0D420088A083 /* Assets.xcassets */; };
		B77FD6B62B9E0D420088A083 /* Preview Assets.xcassets in Resources */ = {isa = PBXBuildFile; fileRef = B77FD6B52B9E0D420088A083 /* Preview Assets.xcassets */; };
		B77FD6C12B9E0F3E0088A083 /* ConfigTimerView.swift in Sources */ = {isa = PBXBuildFile; fileRef = B77FD6C02B9E0F3E0088A083 /* ConfigTimerView.swift */; };
		B77FD6C42B9E10360088A083 /* TitleView.swift in Sources */ = {isa = PBXBuildFile; fileRef = B77FD6C32B9E10360088A083 /* TitleView.swift */; };
		B77FD6C72B9E140E0088A083 /* ZillaSlab-Medium.ttf in Resources */ = {isa = PBXBuildFile; fileRef = B77FD6C62B9E140E0088A083 /* ZillaSlab-Medium.ttf */; };
		B77FD6CB2B9E14520088A083 /* ZillaSlab-Regular.ttf in Resources */ = {isa = PBXBuildFile; fileRef = B77FD6CA2B9E14520088A083 /* ZillaSlab-Regular.ttf */; };
		B77FD6D22B9E18280088A083 /* Colors.swift in Sources */ = {isa = PBXBuildFile; fileRef = B77FD6D12B9E18280088A083 /* Colors.swift */; };
		B77FD6D42B9E1E440088A083 /* ButtonView.swift in Sources */ = {isa = PBXBuildFile; fileRef = B77FD6D32B9E1E440088A083 /* ButtonView.swift */; };
		B79C8A752B9E27DA008979EF /* ZillaSlab-Bold.ttf in Resources */ = {isa = PBXBuildFile; fileRef = B79C8A742B9E27DA008979EF /* ZillaSlab-Bold.ttf */; };
		B79C8A772B9E34D8008979EF /* ConfigTimerViewModel.swift in Sources */ = {isa = PBXBuildFile; fileRef = B79C8A762B9E34D8008979EF /* ConfigTimerViewModel.swift */; };
		B79C8A792B9E35A7008979EF /* AboutView.swift in Sources */ = {isa = PBXBuildFile; fileRef = B79C8A782B9E35A7008979EF /* AboutView.swift */; };
		B7E618DF2BC5A64D00DC49B6 /* PomodoroNavigation.swift in Sources */ = {isa = PBXBuildFile; fileRef = B7E618DE2BC5A64D00DC49B6 /* PomodoroNavigation.swift */; };
		B7E618E12BC5A6DD00DC49B6 /* PomodoroViewFactory.swift in Sources */ = {isa = PBXBuildFile; fileRef = B7E618E02BC5A6DC00DC49B6 /* PomodoroViewFactory.swift */; };
		B7E618E32BC5A87000DC49B6 /* PomodoroFlow.swift in Sources */ = {isa = PBXBuildFile; fileRef = B7E618E22BC5A87000DC49B6 /* PomodoroFlow.swift */; };
		B7E618E62BC5AC5E00DC49B6 /* MainTabView.swift in Sources */ = {isa = PBXBuildFile; fileRef = B7E618E52BC5AC5E00DC49B6 /* MainTabView.swift */; };
		B7E618E92BC5CD0B00DC49B6 /* TimeValue.swift in Sources */ = {isa = PBXBuildFile; fileRef = B7E618E82BC5CD0B00DC49B6 /* TimeValue.swift */; };
		B7E618EC2BC5DCA000DC49B6 /* DataManager.swift in Sources */ = {isa = PBXBuildFile; fileRef = B7E618EB2BC5DCA000DC49B6 /* DataManager.swift */; };
		B7E618EF2BC5DD8300DC49B6 /* Timer.swift in Sources */ = {isa = PBXBuildFile; fileRef = B7E618EE2BC5DD8300DC49B6 /* Timer.swift */; };
		B7E618F12BC5E38D00DC49B6 /* PomodoroTimerView.swift in Sources */ = {isa = PBXBuildFile; fileRef = B7E618F02BC5E38D00DC49B6 /* PomodoroTimerView.swift */; };
		B7E618F52BC5F4EB00DC49B6 /* PomodoroTimerViewModel.swift in Sources */ = {isa = PBXBuildFile; fileRef = B7E618F42BC5F4EB00DC49B6 /* PomodoroTimerViewModel.swift */; };
/* End PBXBuildFile section */

/* Begin PBXFileReference section */
		B77FD6AB2B9E0D400088A083 /* PomodoroApp.app */ = {isa = PBXFileReference; explicitFileType = wrapper.application; includeInIndex = 0; path = PomodoroApp.app; sourceTree = BUILT_PRODUCTS_DIR; };
		B77FD6AE2B9E0D400088A083 /* PomodoroAppApp.swift */ = {isa = PBXFileReference; lastKnownFileType = sourcecode.swift; path = PomodoroAppApp.swift; sourceTree = "<group>"; };
		B77FD6B22B9E0D420088A083 /* Assets.xcassets */ = {isa = PBXFileReference; lastKnownFileType = folder.assetcatalog; path = Assets.xcassets; sourceTree = "<group>"; };
		B77FD6B52B9E0D420088A083 /* Preview Assets.xcassets */ = {isa = PBXFileReference; lastKnownFileType = folder.assetcatalog; path = "Preview Assets.xcassets"; sourceTree = "<group>"; };
		B77FD6C02B9E0F3E0088A083 /* ConfigTimerView.swift */ = {isa = PBXFileReference; lastKnownFileType = sourcecode.swift; path = ConfigTimerView.swift; sourceTree = "<group>"; };
		B77FD6C32B9E10360088A083 /* TitleView.swift */ = {isa = PBXFileReference; lastKnownFileType = sourcecode.swift; path = TitleView.swift; sourceTree = "<group>"; };
		B77FD6C62B9E140E0088A083 /* ZillaSlab-Medium.ttf */ = {isa = PBXFileReference; lastKnownFileType = file; path = "ZillaSlab-Medium.ttf"; sourceTree = "<group>"; };
		B77FD6CA2B9E14520088A083 /* ZillaSlab-Regular.ttf */ = {isa = PBXFileReference; lastKnownFileType = file; path = "ZillaSlab-Regular.ttf"; sourceTree = "<group>"; };
		B77FD6CF2B9E15FD0088A083 /* Info.plist */ = {isa = PBXFileReference; lastKnownFileType = text.plist.xml; path = Info.plist; sourceTree = "<group>"; };
		B77FD6D12B9E18280088A083 /* Colors.swift */ = {isa = PBXFileReference; lastKnownFileType = sourcecode.swift; path = Colors.swift; sourceTree = "<group>"; };
		B77FD6D32B9E1E440088A083 /* ButtonView.swift */ = {isa = PBXFileReference; lastKnownFileType = sourcecode.swift; path = ButtonView.swift; sourceTree = "<group>"; };
		B79C8A742B9E27DA008979EF /* ZillaSlab-Bold.ttf */ = {isa = PBXFileReference; lastKnownFileType = file; path = "ZillaSlab-Bold.ttf"; sourceTree = "<group>"; };
		B79C8A762B9E34D8008979EF /* ConfigTimerViewModel.swift */ = {isa = PBXFileReference; lastKnownFileType = sourcecode.swift; path = ConfigTimerViewModel.swift; sourceTree = "<group>"; };
		B79C8A782B9E35A7008979EF /* AboutView.swift */ = {isa = PBXFileReference; lastKnownFileType = sourcecode.swift; path = AboutView.swift; sourceTree = "<group>"; };
		B7E618DE2BC5A64D00DC49B6 /* PomodoroNavigation.swift */ = {isa = PBXFileReference; lastKnownFileType = sourcecode.swift; path = PomodoroNavigation.swift; sourceTree = "<group>"; };
		B7E618E02BC5A6DC00DC49B6 /* PomodoroViewFactory.swift */ = {isa = PBXFileReference; lastKnownFileType = sourcecode.swift; path = PomodoroViewFactory.swift; sourceTree = "<group>"; };
		B7E618E22BC5A87000DC49B6 /* PomodoroFlow.swift */ = {isa = PBXFileReference; lastKnownFileType = sourcecode.swift; path = PomodoroFlow.swift; sourceTree = "<group>"; };
		B7E618E52BC5AC5E00DC49B6 /* MainTabView.swift */ = {isa = PBXFileReference; lastKnownFileType = sourcecode.swift; path = MainTabView.swift; sourceTree = "<group>"; };
		B7E618E82BC5CD0B00DC49B6 /* TimeValue.swift */ = {isa = PBXFileReference; lastKnownFileType = sourcecode.swift; path = TimeValue.swift; sourceTree = "<group>"; };
		B7E618EB2BC5DCA000DC49B6 /* DataManager.swift */ = {isa = PBXFileReference; lastKnownFileType = sourcecode.swift; path = DataManager.swift; sourceTree = "<group>"; };
		B7E618EE2BC5DD8300DC49B6 /* Timer.swift */ = {isa = PBXFileReference; lastKnownFileType = sourcecode.swift; path = Timer.swift; sourceTree = "<group>"; };
		B7E618F02BC5E38D00DC49B6 /* PomodoroTimerView.swift */ = {isa = PBXFileReference; lastKnownFileType = sourcecode.swift; path = PomodoroTimerView.swift; sourceTree = "<group>"; };
		B7E618F42BC5F4EB00DC49B6 /* PomodoroTimerViewModel.swift */ = {isa = PBXFileReference; lastKnownFileType = sourcecode.swift; path = PomodoroTimerViewModel.swift; sourceTree = "<group>"; };
/* End PBXFileReference section */

/* Begin PBXFrameworksBuildPhase section */
		B77FD6A82B9E0D400088A083 /* Frameworks */ = {
			isa = PBXFrameworksBuildPhase;
			buildActionMask = 2147483647;
			files = (
			);
			runOnlyForDeploymentPostprocessing = 0;
		};
/* End PBXFrameworksBuildPhase section */

/* Begin PBXGroup section */
		B77FD6A22B9E0D400088A083 = {
			isa = PBXGroup;
			children = (
				B77FD6AD2B9E0D400088A083 /* PomodoroApp */,
				B77FD6AC2B9E0D400088A083 /* Products */,
			);
			sourceTree = "<group>";
		};
		B77FD6AC2B9E0D400088A083 /* Products */ = {
			isa = PBXGroup;
			children = (
				B77FD6AB2B9E0D400088A083 /* PomodoroApp.app */,
			);
			name = Products;
			sourceTree = "<group>";
		};
		B77FD6AD2B9E0D400088A083 /* PomodoroApp */ = {
			isa = PBXGroup;
			children = (
				B7E618ED2BC5DD6400DC49B6 /* Model */,
				B7E618EA2BC5DC8200DC49B6 /* DataManager */,
				B77FD6BC2B9E0EAB0088A083 /* View */,
				B7E618DD2BC5A61400DC49B6 /* Navigation */,
				B77FD6D02B9E18140088A083 /* Colors */,
				B77FD6C52B9E139C0088A083 /* Font */,
				B7E618E72BC5B2DA00DC49B6 /* App */,
				B77FD6CF2B9E15FD0088A083 /* Info.plist */,
				B77FD6B42B9E0D420088A083 /* Preview Content */,
			);
			path = PomodoroApp;
			sourceTree = "<group>";
		};
		B77FD6B42B9E0D420088A083 /* Preview Content */ = {
			isa = PBXGroup;
			children = (
				B77FD6B52B9E0D420088A083 /* Preview Assets.xcassets */,
			);
			path = "Preview Content";
			sourceTree = "<group>";
		};
		B77FD6BC2B9E0EAB0088A083 /* View */ = {
			isa = PBXGroup;
			children = (
				B77FD6BF2B9E0F0B0088A083 /* About */,
				B77FD6BE2B9E0ECE0088A083 /* History */,
				B77FD6BD2B9E0EB40088A083 /* Timer */,
				B77FD6C22B9E100E0088A083 /* Shared */,
			);
			path = View;
			sourceTree = "<group>";
		};
		B77FD6BD2B9E0EB40088A083 /* Timer */ = {
			isa = PBXGroup;
			children = (
				B7E618F32BC5F4C500DC49B6 /* PomodoroTimer */,
				B7E618F22BC5F49A00DC49B6 /* ConfigTimer */,
			);
			path = Timer;
			sourceTree = "<group>";
		};
		B77FD6BE2B9E0ECE0088A083 /* History */ = {
			isa = PBXGroup;
			children = (
			);
			path = History;
			sourceTree = "<group>";
		};
		B77FD6BF2B9E0F0B0088A083 /* About */ = {
			isa = PBXGroup;
			children = (
				B79C8A782B9E35A7008979EF /* AboutView.swift */,
			);
			path = About;
			sourceTree = "<group>";
		};
		B77FD6C22B9E100E0088A083 /* Shared */ = {
			isa = PBXGroup;
			children = (
				B77FD6C32B9E10360088A083 /* TitleView.swift */,
				B77FD6D32B9E1E440088A083 /* ButtonView.swift */,
				B7E618E82BC5CD0B00DC49B6 /* TimeValue.swift */,
			);
			path = Shared;
			sourceTree = "<group>";
		};
		B77FD6C52B9E139C0088A083 /* Font */ = {
			isa = PBXGroup;
			children = (
				B77FD6CA2B9E14520088A083 /* ZillaSlab-Regular.ttf */,
				B79C8A742B9E27DA008979EF /* ZillaSlab-Bold.ttf */,
				B77FD6C62B9E140E0088A083 /* ZillaSlab-Medium.ttf */,
			);
			path = Font;
			sourceTree = "<group>";
		};
		B77FD6D02B9E18140088A083 /* Colors */ = {
			isa = PBXGroup;
			children = (
				B77FD6D12B9E18280088A083 /* Colors.swift */,
			);
			path = Colors;
			sourceTree = "<group>";
		};
		B7E618DD2BC5A61400DC49B6 /* Navigation */ = {
			isa = PBXGroup;
			children = (
				B7E618DE2BC5A64D00DC49B6 /* PomodoroNavigation.swift */,
				B7E618E02BC5A6DC00DC49B6 /* PomodoroViewFactory.swift */,
				B7E618E22BC5A87000DC49B6 /* PomodoroFlow.swift */,
				B7E618E52BC5AC5E00DC49B6 /* MainTabView.swift */,
			);
			path = Navigation;
			sourceTree = "<group>";
		};
		B7E618E72BC5B2DA00DC49B6 /* App */ = {
			isa = PBXGroup;
			children = (
				B77FD6B22B9E0D420088A083 /* Assets.xcassets */,
				B77FD6AE2B9E0D400088A083 /* PomodoroAppApp.swift */,
			);
			path = App;
			sourceTree = "<group>";
		};
		B7E618EA2BC5DC8200DC49B6 /* DataManager */ = {
			isa = PBXGroup;
			children = (
				B7E618EB2BC5DCA000DC49B6 /* DataManager.swift */,
			);
			path = DataManager;
			sourceTree = "<group>";
		};
		B7E618ED2BC5DD6400DC49B6 /* Model */ = {
			isa = PBXGroup;
			children = (
				B7E618EE2BC5DD8300DC49B6 /* Timer.swift */,
			);
			path = Model;
			sourceTree = "<group>";
		};
		B7E618F22BC5F49A00DC49B6 /* ConfigTimer */ = {
			isa = PBXGroup;
			children = (
				B77FD6C02B9E0F3E0088A083 /* ConfigTimerView.swift */,
				B79C8A762B9E34D8008979EF /* ConfigTimerViewModel.swift */,
			);
			path = ConfigTimer;
			sourceTree = "<group>";
		};
		B7E618F32BC5F4C500DC49B6 /* PomodoroTimer */ = {
			isa = PBXGroup;
			children = (
				B7E618F02BC5E38D00DC49B6 /* PomodoroTimerView.swift */,
				B7E618F42BC5F4EB00DC49B6 /* PomodoroTimerViewModel.swift */,
			);
			path = PomodoroTimer;
			sourceTree = "<group>";
		};
/* End PBXGroup section */

/* Begin PBXNativeTarget section */
		B77FD6AA2B9E0D400088A083 /* PomodoroApp */ = {
			isa = PBXNativeTarget;
			buildConfigurationList = B77FD6B92B9E0D420088A083 /* Build configuration list for PBXNativeTarget "PomodoroApp" */;
			buildPhases = (
				B77FD6A72B9E0D400088A083 /* Sources */,
				B77FD6A82B9E0D400088A083 /* Frameworks */,
				B77FD6A92B9E0D400088A083 /* Resources */,
			);
			buildRules = (
			);
			dependencies = (
			);
			name = PomodoroApp;
			productName = PomodoroApp;
			productReference = B77FD6AB2B9E0D400088A083 /* PomodoroApp.app */;
			productType = "com.apple.product-type.application";
		};
/* End PBXNativeTarget section */

/* Begin PBXProject section */
		B77FD6A32B9E0D400088A083 /* Project object */ = {
			isa = PBXProject;
			attributes = {
				BuildIndependentTargetsInParallel = 1;
				LastSwiftUpdateCheck = 1510;
				LastUpgradeCheck = 1510;
				TargetAttributes = {
					B77FD6AA2B9E0D400088A083 = {
						CreatedOnToolsVersion = 15.1;
					};
				};
			};
			buildConfigurationList = B77FD6A62B9E0D400088A083 /* Build configuration list for PBXProject "PomodoroApp" */;
			compatibilityVersion = "Xcode 14.0";
			developmentRegion = en;
			hasScannedForEncodings = 0;
			knownRegions = (
				en,
				Base,
			);
			mainGroup = B77FD6A22B9E0D400088A083;
			productRefGroup = B77FD6AC2B9E0D400088A083 /* Products */;
			projectDirPath = "";
			projectRoot = "";
			targets = (
				B77FD6AA2B9E0D400088A083 /* PomodoroApp */,
			);
		};
/* End PBXProject section */

/* Begin PBXResourcesBuildPhase section */
		B77FD6A92B9E0D400088A083 /* Resources */ = {
			isa = PBXResourcesBuildPhase;
			buildActionMask = 2147483647;
			files = (
				B77FD6C72B9E140E0088A083 /* ZillaSlab-Medium.ttf in Resources */,
				B77FD6B62B9E0D420088A083 /* Preview Assets.xcassets in Resources */,
				B79C8A752B9E27DA008979EF /* ZillaSlab-Bold.ttf in Resources */,
				B77FD6CB2B9E14520088A083 /* ZillaSlab-Regular.ttf in Resources */,
				B77FD6B32B9E0D420088A083 /* Assets.xcassets in Resources */,
			);
			runOnlyForDeploymentPostprocessing = 0;
		};
/* End PBXResourcesBuildPhase section */

/* Begin PBXSourcesBuildPhase section */
		B77FD6A72B9E0D400088A083 /* Sources */ = {
			isa = PBXSourcesBuildPhase;
			buildActionMask = 2147483647;
			files = (
				B79C8A792B9E35A7008979EF /* AboutView.swift in Sources */,
				B7E618E32BC5A87000DC49B6 /* PomodoroFlow.swift in Sources */,
				B7E618DF2BC5A64D00DC49B6 /* PomodoroNavigation.swift in Sources */,
				B7E618F52BC5F4EB00DC49B6 /* PomodoroTimerViewModel.swift in Sources */,
				B7E618F12BC5E38D00DC49B6 /* PomodoroTimerView.swift in Sources */,
				B77FD6D22B9E18280088A083 /* Colors.swift in Sources */,
				B7E618E62BC5AC5E00DC49B6 /* MainTabView.swift in Sources */,
				B79C8A772B9E34D8008979EF /* ConfigTimerViewModel.swift in Sources */,
				B77FD6D42B9E1E440088A083 /* ButtonView.swift in Sources */,
				B77FD6AF2B9E0D400088A083 /* PomodoroAppApp.swift in Sources */,
				B77FD6C12B9E0F3E0088A083 /* ConfigTimerView.swift in Sources */,
				B7E618EF2BC5DD8300DC49B6 /* Timer.swift in Sources */,
				B7E618E12BC5A6DD00DC49B6 /* PomodoroViewFactory.swift in Sources */,
				B7E618E92BC5CD0B00DC49B6 /* TimeValue.swift in Sources */,
				B7E618EC2BC5DCA000DC49B6 /* DataManager.swift in Sources */,
				B77FD6C42B9E10360088A083 /* TitleView.swift in Sources */,
			);
			runOnlyForDeploymentPostprocessing = 0;
		};
/* End PBXSourcesBuildPhase section */

/* Begin XCBuildConfiguration section */
		B77FD6B72B9E0D420088A083 /* Debug */ = {
			isa = XCBuildConfiguration;
			buildSettings = {
				ALWAYS_SEARCH_USER_PATHS = NO;
				ASSETCATALOG_COMPILER_GENERATE_SWIFT_ASSET_SYMBOL_EXTENSIONS = YES;
				CLANG_ANALYZER_NONNULL = YES;
				CLANG_ANALYZER_NUMBER_OBJECT_CONVERSION = YES_AGGRESSIVE;
				CLANG_CXX_LANGUAGE_STANDARD = "gnu++20";
				CLANG_ENABLE_MODULES = YES;
				CLANG_ENABLE_OBJC_ARC = YES;
				CLANG_ENABLE_OBJC_WEAK = YES;
				CLANG_WARN_BLOCK_CAPTURE_AUTORELEASING = YES;
				CLANG_WARN_BOOL_CONVERSION = YES;
				CLANG_WARN_COMMA = YES;
				CLANG_WARN_CONSTANT_CONVERSION = YES;
				CLANG_WARN_DEPRECATED_OBJC_IMPLEMENTATIONS = YES;
				CLANG_WARN_DIRECT_OBJC_ISA_USAGE = YES_ERROR;
				CLANG_WARN_DOCUMENTATION_COMMENTS = YES;
				CLANG_WARN_EMPTY_BODY = YES;
				CLANG_WARN_ENUM_CONVERSION = YES;
				CLANG_WARN_INFINITE_RECURSION = YES;
				CLANG_WARN_INT_CONVERSION = YES;
				CLANG_WARN_NON_LITERAL_NULL_CONVERSION = YES;
				CLANG_WARN_OBJC_IMPLICIT_RETAIN_SELF = YES;
				CLANG_WARN_OBJC_LITERAL_CONVERSION = YES;
				CLANG_WARN_OBJC_ROOT_CLASS = YES_ERROR;
				CLANG_WARN_QUOTED_INCLUDE_IN_FRAMEWORK_HEADER = YES;
				CLANG_WARN_RANGE_LOOP_ANALYSIS = YES;
				CLANG_WARN_STRICT_PROTOTYPES = YES;
				CLANG_WARN_SUSPICIOUS_MOVE = YES;
				CLANG_WARN_UNGUARDED_AVAILABILITY = YES_AGGRESSIVE;
				CLANG_WARN_UNREACHABLE_CODE = YES;
				CLANG_WARN__DUPLICATE_METHOD_MATCH = YES;
				COPY_PHASE_STRIP = NO;
				DEBUG_INFORMATION_FORMAT = dwarf;
				ENABLE_STRICT_OBJC_MSGSEND = YES;
				ENABLE_TESTABILITY = YES;
				ENABLE_USER_SCRIPT_SANDBOXING = YES;
				GCC_C_LANGUAGE_STANDARD = gnu17;
				GCC_DYNAMIC_NO_PIC = NO;
				GCC_NO_COMMON_BLOCKS = YES;
				GCC_OPTIMIZATION_LEVEL = 0;
				GCC_PREPROCESSOR_DEFINITIONS = (
					"DEBUG=1",
					"$(inherited)",
				);
				GCC_WARN_64_TO_32_BIT_CONVERSION = YES;
				GCC_WARN_ABOUT_RETURN_TYPE = YES_ERROR;
				GCC_WARN_UNDECLARED_SELECTOR = YES;
				GCC_WARN_UNINITIALIZED_AUTOS = YES_AGGRESSIVE;
				GCC_WARN_UNUSED_FUNCTION = YES;
				GCC_WARN_UNUSED_VARIABLE = YES;
				IPHONEOS_DEPLOYMENT_TARGET = 17.2;
				LOCALIZATION_PREFERS_STRING_CATALOGS = YES;
				MTL_ENABLE_DEBUG_INFO = INCLUDE_SOURCE;
				MTL_FAST_MATH = YES;
				ONLY_ACTIVE_ARCH = YES;
				SDKROOT = iphoneos;
				SWIFT_ACTIVE_COMPILATION_CONDITIONS = "DEBUG $(inherited)";
				SWIFT_OPTIMIZATION_LEVEL = "-Onone";
			};
			name = Debug;
		};
		B77FD6B82B9E0D420088A083 /* Release */ = {
			isa = XCBuildConfiguration;
			buildSettings = {
				ALWAYS_SEARCH_USER_PATHS = NO;
				ASSETCATALOG_COMPILER_GENERATE_SWIFT_ASSET_SYMBOL_EXTENSIONS = YES;
				CLANG_ANALYZER_NONNULL = YES;
				CLANG_ANALYZER_NUMBER_OBJECT_CONVERSION = YES_AGGRESSIVE;
				CLANG_CXX_LANGUAGE_STANDARD = "gnu++20";
				CLANG_ENABLE_MODULES = YES;
				CLANG_ENABLE_OBJC_ARC = YES;
				CLANG_ENABLE_OBJC_WEAK = YES;
				CLANG_WARN_BLOCK_CAPTURE_AUTORELEASING = YES;
				CLANG_WARN_BOOL_CONVERSION = YES;
				CLANG_WARN_COMMA = YES;
				CLANG_WARN_CONSTANT_CONVERSION = YES;
				CLANG_WARN_DEPRECATED_OBJC_IMPLEMENTATIONS = YES;
				CLANG_WARN_DIRECT_OBJC_ISA_USAGE = YES_ERROR;
				CLANG_WARN_DOCUMENTATION_COMMENTS = YES;
				CLANG_WARN_EMPTY_BODY = YES;
				CLANG_WARN_ENUM_CONVERSION = YES;
				CLANG_WARN_INFINITE_RECURSION = YES;
				CLANG_WARN_INT_CONVERSION = YES;
				CLANG_WARN_NON_LITERAL_NULL_CONVERSION = YES;
				CLANG_WARN_OBJC_IMPLICIT_RETAIN_SELF = YES;
				CLANG_WARN_OBJC_LITERAL_CONVERSION = YES;
				CLANG_WARN_OBJC_ROOT_CLASS = YES_ERROR;
				CLANG_WARN_QUOTED_INCLUDE_IN_FRAMEWORK_HEADER = YES;
				CLANG_WARN_RANGE_LOOP_ANALYSIS = YES;
				CLANG_WARN_STRICT_PROTOTYPES = YES;
				CLANG_WARN_SUSPICIOUS_MOVE = YES;
				CLANG_WARN_UNGUARDED_AVAILABILITY = YES_AGGRESSIVE;
				CLANG_WARN_UNREACHABLE_CODE = YES;
				CLANG_WARN__DUPLICATE_METHOD_MATCH = YES;
				COPY_PHASE_STRIP = NO;
				DEBUG_INFORMATION_FORMAT = "dwarf-with-dsym";
				ENABLE_NS_ASSERTIONS = NO;
				ENABLE_STRICT_OBJC_MSGSEND = YES;
				ENABLE_USER_SCRIPT_SANDBOXING = YES;
				GCC_C_LANGUAGE_STANDARD = gnu17;
				GCC_NO_COMMON_BLOCKS = YES;
				GCC_WARN_64_TO_32_BIT_CONVERSION = YES;
				GCC_WARN_ABOUT_RETURN_TYPE = YES_ERROR;
				GCC_WARN_UNDECLARED_SELECTOR = YES;
				GCC_WARN_UNINITIALIZED_AUTOS = YES_AGGRESSIVE;
				GCC_WARN_UNUSED_FUNCTION = YES;
				GCC_WARN_UNUSED_VARIABLE = YES;
				IPHONEOS_DEPLOYMENT_TARGET = 17.2;
				LOCALIZATION_PREFERS_STRING_CATALOGS = YES;
				MTL_ENABLE_DEBUG_INFO = NO;
				MTL_FAST_MATH = YES;
				SDKROOT = iphoneos;
				SWIFT_COMPILATION_MODE = wholemodule;
				VALIDATE_PRODUCT = YES;
			};
			name = Release;
		};
		B77FD6BA2B9E0D420088A083 /* Debug */ = {
			isa = XCBuildConfiguration;
			buildSettings = {
				ASSETCATALOG_COMPILER_APPICON_NAME = AppIcon;
				ASSETCATALOG_COMPILER_GLOBAL_ACCENT_COLOR_NAME = AccentColor;
				CODE_SIGN_STYLE = Automatic;
				CURRENT_PROJECT_VERSION = 1;
				DEVELOPMENT_ASSET_PATHS = "\"PomodoroApp/Preview Content\"";
				DEVELOPMENT_TEAM = 3BAU9Z8SCU;
				ENABLE_PREVIEWS = YES;
				GENERATE_INFOPLIST_FILE = YES;
				INFOPLIST_FILE = PomodoroApp/Info.plist;
				INFOPLIST_KEY_UIApplicationSceneManifest_Generation = YES;
				INFOPLIST_KEY_UIApplicationSupportsIndirectInputEvents = YES;
				INFOPLIST_KEY_UILaunchScreen_Generation = YES;
				INFOPLIST_KEY_UISupportedInterfaceOrientations_iPad = "UIInterfaceOrientationPortrait UIInterfaceOrientationPortraitUpsideDown UIInterfaceOrientationLandscapeLeft UIInterfaceOrientationLandscapeRight";
				INFOPLIST_KEY_UISupportedInterfaceOrientations_iPhone = "UIInterfaceOrientationPortrait UIInterfaceOrientationLandscapeLeft UIInterfaceOrientationLandscapeRight";
				LD_RUNPATH_SEARCH_PATHS = (
					"$(inherited)",
					"@executable_path/Frameworks",
				);
				MARKETING_VERSION = 1.0;
				PRODUCT_BUNDLE_IDENTIFIER = pedro.olyntho.PomodoroApp;
				PRODUCT_NAME = "$(TARGET_NAME)";
				SWIFT_EMIT_LOC_STRINGS = YES;
				SWIFT_VERSION = 5.0;
				TARGETED_DEVICE_FAMILY = "1,2";
			};
			name = Debug;
		};
		B77FD6BB2B9E0D420088A083 /* Release */ = {
			isa = XCBuildConfiguration;
			buildSettings = {
				ASSETCATALOG_COMPILER_APPICON_NAME = AppIcon;
				ASSETCATALOG_COMPILER_GLOBAL_ACCENT_COLOR_NAME = AccentColor;
				CODE_SIGN_STYLE = Automatic;
				CURRENT_PROJECT_VERSION = 1;
				DEVELOPMENT_ASSET_PATHS = "\"PomodoroApp/Preview Content\"";
				DEVELOPMENT_TEAM = 3BAU9Z8SCU;
				ENABLE_PREVIEWS = YES;
				GENERATE_INFOPLIST_FILE = YES;
				INFOPLIST_FILE = PomodoroApp/Info.plist;
				INFOPLIST_KEY_UIApplicationSceneManifest_Generation = YES;
				INFOPLIST_KEY_UIApplicationSupportsIndirectInputEvents = YES;
				INFOPLIST_KEY_UILaunchScreen_Generation = YES;
				INFOPLIST_KEY_UISupportedInterfaceOrientations_iPad = "UIInterfaceOrientationPortrait UIInterfaceOrientationPortraitUpsideDown UIInterfaceOrientationLandscapeLeft UIInterfaceOrientationLandscapeRight";
				INFOPLIST_KEY_UISupportedInterfaceOrientations_iPhone = "UIInterfaceOrientationPortrait UIInterfaceOrientationLandscapeLeft UIInterfaceOrientationLandscapeRight";
				LD_RUNPATH_SEARCH_PATHS = (
					"$(inherited)",
					"@executable_path/Frameworks",
				);
				MARKETING_VERSION = 1.0;
				PRODUCT_BUNDLE_IDENTIFIER = pedro.olyntho.PomodoroApp;
				PRODUCT_NAME = "$(TARGET_NAME)";
				SWIFT_EMIT_LOC_STRINGS = YES;
				SWIFT_VERSION = 5.0;
				TARGETED_DEVICE_FAMILY = "1,2";
			};
			name = Release;
		};
/* End XCBuildConfiguration section */

/* Begin XCConfigurationList section */
		B77FD6A62B9E0D400088A083 /* Build configuration list for PBXProject "PomodoroApp" */ = {
			isa = XCConfigurationList;
			buildConfigurations = (
				B77FD6B72B9E0D420088A083 /* Debug */,
				B77FD6B82B9E0D420088A083 /* Release */,
			);
			defaultConfigurationIsVisible = 0;
			defaultConfigurationName = Release;
		};
		B77FD6B92B9E0D420088A083 /* Build configuration list for PBXNativeTarget "PomodoroApp" */ = {
			isa = XCConfigurationList;
			buildConfigurations = (
				B77FD6BA2B9E0D420088A083 /* Debug */,
				B77FD6BB2B9E0D420088A083 /* Release */,
			);
			defaultConfigurationIsVisible = 0;
			defaultConfigurationName = Release;
		};
/* End XCConfigurationList section */
	};
	rootObject = B77FD6A32B9E0D400088A083 /* Project object */;
}
